
Microsoft Visual Studio Solution File, Format Version 12.00
# Visual Studio Version 17
VisualStudioVersion = 17.5.33103.201
MinimumVisualStudioVersion = 10.0.40219.1
Project("{9A19103F-16F7-4668-BE54-9A1E7A4F7556}") = "Cliente", "Cliente\Cliente.csproj", "{619C1D7A-6112-4B6C-A2D5-F37368E11BA7}"
EndProject
Project("{FAE04EC0-301F-11D3-BF4B-00C04F79EFBC}") = "Servidor", "Servidor\Servidor.csproj", "{9534F1F0-13CA-4902-98C4-C06320415D5E}"
EndProject
Global
	GlobalSection(SolutionConfigurationPlatforms) = preSolution
		Debug|Any CPU = Debug|Any CPU
		Release|Any CPU = Release|Any CPU
	EndGlobalSection
	GlobalSection(ProjectConfigurationPlatforms) = postSolution
		{619C1D7A-6112-4B6C-A2D5-F37368E11BA7}.Debug|Any CPU.ActiveCfg = Debug|Any CPU
		{619C1D7A-6112-4B6C-A2D5-F37368E11BA7}.Debug|Any CPU.Build.0 = Debug|Any CPU
		{619C1D7A-6112-4B6C-A2D5-F37368E11BA7}.Release|Any CPU.ActiveCfg = Release|Any CPU
		{619C1D7A-6112-4B6C-A2D5-F37368E11BA7}.Release|Any CPU.Build.0 = Release|Any CPU
		{9534F1F0-13CA-4902-98C4-C06320415D5E}.Debug|Any CPU.ActiveCfg = Debug|Any CPU
		{9534F1F0-13CA-4902-98C4-C06320415D5E}.Debug|Any CPU.Build.0 = Debug|Any CPU
		{9534F1F0-13CA-4902-98C4-C06320415D5E}.Release|Any CPU.ActiveCfg = Release|Any CPU
		{9534F1F0-13CA-4902-98C4-C06320415D5E}.Release|Any CPU.Build.0 = Release|Any CPU
	EndGlobalSection
	GlobalSection(SolutionProperties) = preSolution
		HideSolutionNode = FALSE
	EndGlobalSection
	GlobalSection(ExtensibilityGlobals) = postSolution
		SolutionGuid = {70C8DA27-DA04-4398-8EF5-2217B29009A6}
	EndGlobalSection
EndGlobal
